
Microsoft Visual Studio Solution File, Format Version 12.00
# Visual Studio Version 17
VisualStudioVersion = 17.12.35707.178
MinimumVisualStudioVersion = 10.0.40219.1
Project("{FAE04EC0-301F-11D3-BF4B-00C04F79EFBC}") = "BotWhatsapp.Application", "Application\BotWhatsapp.Application.csproj", "{F80C409D-3D57-C843-B6A3-D64862044EBF}"
EndProject
Project("{FAE04EC0-301F-11D3-BF4B-00C04F79EFBC}") = "BotWhatsapp.Domain", "Domain\BotWhatsapp.Domain.csproj", "{DEA6490E-8FDF-28EF-B8D2-85B0239C9D1F}"
EndProject
Project("{FAE04EC0-301F-11D3-BF4B-00C04F79EFBC}") = "BotWhatsapp.Infrastructure", "Infrastructure\BotWhatsapp.Infrastructure.csproj", "{E9D1EF58-076B-2158-C9FD-0CC459364213}"
EndProject
Project("{FAE04EC0-301F-11D3-BF4B-00C04F79EFBC}") = "WebApi", "WebApi\WebApi.csproj", "{8D6B33C5-CEE1-20B5-A207-99CBB61F699C}"
EndProject
Global
	GlobalSection(SolutionConfigurationPlatforms) = preSolution
		Debug|Any CPU = Debug|Any CPU
		Release|Any CPU = Release|Any CPU
	EndGlobalSection
	GlobalSection(ProjectConfigurationPlatforms) = postSolution
		{F80C409D-3D57-C843-B6A3-D64862044EBF}.Debug|Any CPU.ActiveCfg = Debug|Any CPU
		{F80C409D-3D57-C843-B6A3-D64862044EBF}.Debug|Any CPU.Build.0 = Debug|Any CPU
		{F80C409D-3D57-C843-B6A3-D64862044EBF}.Release|Any CPU.ActiveCfg = Release|Any CPU
		{F80C409D-3D57-C843-B6A3-D64862044EBF}.Release|Any CPU.Build.0 = Release|Any CPU
		{DEA6490E-8FDF-28EF-B8D2-85B0239C9D1F}.Debug|Any CPU.ActiveCfg = Debug|Any CPU
		{DEA6490E-8FDF-28EF-B8D2-85B0239C9D1F}.Debug|Any CPU.Build.0 = Debug|Any CPU
		{DEA6490E-8FDF-28EF-B8D2-85B0239C9D1F}.Release|Any CPU.ActiveCfg = Release|Any CPU
		{DEA6490E-8FDF-28EF-B8D2-85B0239C9D1F}.Release|Any CPU.Build.0 = Release|Any CPU
		{E9D1EF58-076B-2158-C9FD-0CC459364213}.Debug|Any CPU.ActiveCfg = Debug|Any CPU
		{E9D1EF58-076B-2158-C9FD-0CC459364213}.Debug|Any CPU.Build.0 = Debug|Any CPU
		{E9D1EF58-076B-2158-C9FD-0CC459364213}.Release|Any CPU.ActiveCfg = Release|Any CPU
		{E9D1EF58-076B-2158-C9FD-0CC459364213}.Release|Any CPU.Build.0 = Release|Any CPU
		{8D6B33C5-CEE1-20B5-A207-99CBB61F699C}.Debug|Any CPU.ActiveCfg = Debug|Any CPU
		{8D6B33C5-CEE1-20B5-A207-99CBB61F699C}.Debug|Any CPU.Build.0 = Debug|Any CPU
		{8D6B33C5-CEE1-20B5-A207-99CBB61F699C}.Release|Any CPU.ActiveCfg = Release|Any CPU
		{8D6B33C5-CEE1-20B5-A207-99CBB61F699C}.Release|Any CPU.Build.0 = Release|Any CPU
	EndGlobalSection
	GlobalSection(SolutionProperties) = preSolution
		HideSolutionNode = FALSE
	EndGlobalSection
	GlobalSection(ExtensibilityGlobals) = postSolution
		SolutionGuid = {A5BA4E47-5DF3-4B61-8CBB-08BBFF6ED281}
	EndGlobalSection
EndGlobal
